
Microsoft Visual Studio Solution File, Format Version 12.00
# Visual Studio Version 17
VisualStudioVersion = 17.7.34202.233
MinimumVisualStudioVersion = 10.0.40219.1
Project("{FAE04EC0-301F-11D3-BF4B-00C04F79EFBC}") = "Delegates", "Delegates.csproj", "{97D360EC-F800-4013-806F-884EABA8ABC1}"
EndProject
Global
	GlobalSection(SolutionConfigurationPlatforms) = preSolution
		Debug|Any CPU = Debug|Any CPU
		Release|Any CPU = Release|Any CPU
	EndGlobalSection
	GlobalSection(ProjectConfigurationPlatforms) = postSolution
		{97D360EC-F800-4013-806F-884EABA8ABC1}.Debug|Any CPU.ActiveCfg = Debug|Any CPU
		{97D360EC-F800-4013-806F-884EABA8ABC1}.Debug|Any CPU.Build.0 = Debug|Any CPU
		{97D360EC-F800-4013-806F-884EABA8ABC1}.Release|Any CPU.ActiveCfg = Release|Any CPU
		{97D360EC-F800-4013-806F-884EABA8ABC1}.Release|Any CPU.Build.0 = Release|Any CPU
	EndGlobalSection
	GlobalSection(SolutionProperties) = preSolution
		HideSolutionNode = FALSE
	EndGlobalSection
	GlobalSection(ExtensibilityGlobals) = postSolution
		SolutionGuid = {A885E507-D5DC-412E-9898-D2174312BCD5}
	EndGlobalSection
EndGlobal
